
Microsoft Visual Studio Solution File, Format Version 12.00
# Visual Studio Version 16
VisualStudioVersion = 16.0.30114.105
MinimumVisualStudioVersion = 10.0.40219.1
Project("{FAE04EC0-301F-11D3-BF4B-00C04F79EFBC}") = "FactorsClient", "FactorsClient\FactorsClient.csproj", "{FC3A3CE3-BECF-4DE6-9578-9B6AC31C9948}"
EndProject
Project("{FAE04EC0-301F-11D3-BF4B-00C04F79EFBC}") = "FactorsServer", "FactorsServer\FactorsServer.csproj", "{373EB43D-6CD7-4024-98EC-C538B0F8B62B}"
EndProject
Project("{FAE04EC0-301F-11D3-BF4B-00C04F79EFBC}") = "FactorsWorker", "FactorsWorker\FactorsWorker.csproj", "{4C99E490-9EDD-40C1-99F1-7F51A547F4FD}"
EndProject
Global
	GlobalSection(SolutionConfigurationPlatforms) = preSolution
		Debug|Any CPU = Debug|Any CPU
		Release|Any CPU = Release|Any CPU
	EndGlobalSection
	GlobalSection(SolutionProperties) = preSolution
		HideSolutionNode = FALSE
	EndGlobalSection
	GlobalSection(ProjectConfigurationPlatforms) = postSolution
		{FC3A3CE3-BECF-4DE6-9578-9B6AC31C9948}.Debug|Any CPU.ActiveCfg = Debug|Any CPU
		{FC3A3CE3-BECF-4DE6-9578-9B6AC31C9948}.Debug|Any CPU.Build.0 = Debug|Any CPU
		{FC3A3CE3-BECF-4DE6-9578-9B6AC31C9948}.Release|Any CPU.ActiveCfg = Release|Any CPU
		{FC3A3CE3-BECF-4DE6-9578-9B6AC31C9948}.Release|Any CPU.Build.0 = Release|Any CPU
		{373EB43D-6CD7-4024-98EC-C538B0F8B62B}.Debug|Any CPU.ActiveCfg = Debug|Any CPU
		{373EB43D-6CD7-4024-98EC-C538B0F8B62B}.Debug|Any CPU.Build.0 = Debug|Any CPU
		{373EB43D-6CD7-4024-98EC-C538B0F8B62B}.Release|Any CPU.ActiveCfg = Release|Any CPU
		{373EB43D-6CD7-4024-98EC-C538B0F8B62B}.Release|Any CPU.Build.0 = Release|Any CPU
		{4C99E490-9EDD-40C1-99F1-7F51A547F4FD}.Debug|Any CPU.ActiveCfg = Debug|Any CPU
		{4C99E490-9EDD-40C1-99F1-7F51A547F4FD}.Debug|Any CPU.Build.0 = Debug|Any CPU
		{4C99E490-9EDD-40C1-99F1-7F51A547F4FD}.Release|Any CPU.ActiveCfg = Release|Any CPU
		{4C99E490-9EDD-40C1-99F1-7F51A547F4FD}.Release|Any CPU.Build.0 = Release|Any CPU
	EndGlobalSection
EndGlobal
